
Microsoft Visual Studio Solution File, Format Version 12.00
# Visual Studio 2013
VisualStudioVersion = 12.0.30501.0
MinimumVisualStudioVersion = 10.0.40219.1
Project("{FAE04EC0-301F-11D3-BF4B-00C04F79EFBC}") = "HotelManagement", "HotelManagement\HotelManagement.csproj", "{BB7B1851-44AD-497D-A46E-4825265519E3}"
EndProject
Global
	GlobalSection(SolutionConfigurationPlatforms) = preSolution
		CD_ROM|Any CPU = CD_ROM|Any CPU
		Debug|Any CPU = Debug|Any CPU
		DVD-5|Any CPU = DVD-5|Any CPU
		Release|Any CPU = Release|Any CPU
		SingleImage|Any CPU = SingleImage|Any CPU
	EndGlobalSection
	GlobalSection(ProjectConfigurationPlatforms) = postSolution
		{BB7B1851-44AD-497D-A46E-4825265519E3}.CD_ROM|Any CPU.ActiveCfg = Release|Any CPU
		{BB7B1851-44AD-497D-A46E-4825265519E3}.CD_ROM|Any CPU.Build.0 = Release|Any CPU
		{BB7B1851-44AD-497D-A46E-4825265519E3}.Debug|Any CPU.ActiveCfg = Debug|Any CPU
		{BB7B1851-44AD-497D-A46E-4825265519E3}.Debug|Any CPU.Build.0 = Debug|Any CPU
		{BB7B1851-44AD-497D-A46E-4825265519E3}.DVD-5|Any CPU.ActiveCfg = Debug|Any CPU
		{BB7B1851-44AD-497D-A46E-4825265519E3}.DVD-5|Any CPU.Build.0 = Debug|Any CPU
		{BB7B1851-44AD-497D-A46E-4825265519E3}.Release|Any CPU.ActiveCfg = Release|Any CPU
		{BB7B1851-44AD-497D-A46E-4825265519E3}.Release|Any CPU.Build.0 = Release|Any CPU
		{BB7B1851-44AD-497D-A46E-4825265519E3}.SingleImage|Any CPU.ActiveCfg = Release|Any CPU
		{BB7B1851-44AD-497D-A46E-4825265519E3}.SingleImage|Any CPU.Build.0 = Release|Any CPU
	EndGlobalSection
	GlobalSection(SolutionProperties) = preSolution
		HideSolutionNode = FALSE
	EndGlobalSection
EndGlobal
